
Microsoft Visual Studio Solution File, Format Version 12.00
# Visual Studio 15
VisualStudioVersion = 15.0.28010.2048
MinimumVisualStudioVersion = 10.0.40219.1
Project("{FAE04EC0-301F-11D3-BF4B-00C04F79EFBC}") = "Calculator", "Calculator\Calculator.csproj", "{78096ADC-4E34-4F65-BBE6-2B6E7B71FA68}"
EndProject
Project("{FAE04EC0-301F-11D3-BF4B-00C04F79EFBC}") = "Calculator UI", "Calculator UI\Calculator UI.csproj", "{D607C607-9CAB-45C2-80B7-58C12C9E5D28}"
EndProject
Project("{FAE04EC0-301F-11D3-BF4B-00C04F79EFBC}") = "Calculator.Test", "Calculator.Test\Calculator.Test.csproj", "{1B8802B9-EED7-42D3-B3C3-71A2D7B178CB}"
EndProject
Global
	GlobalSection(SolutionConfigurationPlatforms) = preSolution
		Debug|Any CPU = Debug|Any CPU
		Release|Any CPU = Release|Any CPU
	EndGlobalSection
	GlobalSection(ProjectConfigurationPlatforms) = postSolution
		{78096ADC-4E34-4F65-BBE6-2B6E7B71FA68}.Debug|Any CPU.ActiveCfg = Debug|Any CPU
		{78096ADC-4E34-4F65-BBE6-2B6E7B71FA68}.Debug|Any CPU.Build.0 = Debug|Any CPU
		{78096ADC-4E34-4F65-BBE6-2B6E7B71FA68}.Release|Any CPU.ActiveCfg = Release|Any CPU
		{78096ADC-4E34-4F65-BBE6-2B6E7B71FA68}.Release|Any CPU.Build.0 = Release|Any CPU
		{D607C607-9CAB-45C2-80B7-58C12C9E5D28}.Debug|Any CPU.ActiveCfg = Debug|Any CPU
		{D607C607-9CAB-45C2-80B7-58C12C9E5D28}.Debug|Any CPU.Build.0 = Debug|Any CPU
		{D607C607-9CAB-45C2-80B7-58C12C9E5D28}.Release|Any CPU.ActiveCfg = Release|Any CPU
		{D607C607-9CAB-45C2-80B7-58C12C9E5D28}.Release|Any CPU.Build.0 = Release|Any CPU
		{1B8802B9-EED7-42D3-B3C3-71A2D7B178CB}.Debug|Any CPU.ActiveCfg = Debug|Any CPU
		{1B8802B9-EED7-42D3-B3C3-71A2D7B178CB}.Debug|Any CPU.Build.0 = Debug|Any CPU
		{1B8802B9-EED7-42D3-B3C3-71A2D7B178CB}.Release|Any CPU.ActiveCfg = Release|Any CPU
		{1B8802B9-EED7-42D3-B3C3-71A2D7B178CB}.Release|Any CPU.Build.0 = Release|Any CPU
	EndGlobalSection
	GlobalSection(SolutionProperties) = preSolution
		HideSolutionNode = FALSE
	EndGlobalSection
	GlobalSection(ExtensibilityGlobals) = postSolution
		SolutionGuid = {67F8B84F-6C03-4FE5-AC50-6D814ED1E180}
	EndGlobalSection
EndGlobal
